{
  "version": 4,
  "terraform_version": "1.9.8",
  "serial": 46,
  "lineage": "94cc695d-6b82-99d7-828b-fbc5c6fd07d9",
  "outputs": {
    "public_ip_addresses": {
      "value": {
        "vm1": "20.188.229.103",
        "vm2": "20.188.229.176",
        "vm3": "20.188.229.23"
      },
      "type": [
        "object",
        {
          "vm1": "string",
          "vm2": "string",
          "vm3": "string"
        }
      ]
    },
    "resource_group_name": {
      "value": "my-tf-rg",
      "type": "string"
    }
  },
  "resources": [
    {
      "mode": "managed",
      "type": "azurerm_linux_virtual_machine",
      "name": "vm",
      "provider": "provider[\"registry.terraform.io/hashicorp/azurerm\"]",
      "instances": [
        {
          "index_key": "vm1",
          "schema_version": 0,
          "attributes": {
            "additional_capabilities": [],
            "admin_password": null,
            "admin_ssh_key": [
              {
                "public_key": "ssh-rsa AAAAB3NzaC1yc2EAAAADAQABAAABgQDk5caKSTL2yrPwx/rG6fKTROp0Zu/qtUmWadTo1pIRVnQcwuqILt7dgpBoNu2dGlE6u+vTtGeQEimtj+0ecNQ36WAMc+aHw1Ek9Y5sEiN+tED7NFsmYg+C/Tx6swTiV5aYZ2l5Q1zkju72g3puglmKWC5IrRpW1QNwS2/RYCMMSb6DMhd6kNlZ7T7WM9andUYZdusuHWKyA+W6JkeOmxOVkomUuCU0W6MUm2OW38HfFkGtT3VAmEJfNn4yuTMX6/pfwYppYr1jRKGQvWBi+CXT8ZGdBEOPuAeFj3AaAPvf4OZOUshddxJsdY9KHCsCVpcX29NOSAMK+/v6SWyc8TKZpvCvp6jHLyEYilKbFb4avIt0AZ8NcC4g2NeqO8b6ZdJKd8tsLEWdM1DTyH6q1rUWtBJ+b0Wz/crlHWPCLmL55nY0QRFg+S+QVxj7amhnWTVc+P+0kg66YGncuWgwTN/VCV1dQNQDnRt9rEWCVY29eMjXLKMQSIzhReLdcCWr2IM= ash@NG-LAP-141\n",
                "username": "azureuser"
              }
            ],
            "admin_username": "azureuser",
            "allow_extension_operations": true,
            "availability_set_id": "",
            "boot_diagnostics": [],
            "bypass_platform_safety_checks_on_user_schedule_enabled": false,
            "capacity_reservation_group_id": "",
            "computer_name": "vm1",
            "custom_data": null,
            "dedicated_host_group_id": "",
            "dedicated_host_id": "",
            "disable_password_authentication": true,
            "disk_controller_type": "SCSI",
            "edge_zone": "",
            "encryption_at_host_enabled": false,
            "eviction_policy": "",
            "extensions_time_budget": "PT1H30M",
            "gallery_application": [],
            "id": "/subscriptions/3c5c7fe7-887c-470a-91ed-b76497de8bb9/resourceGroups/my-tf-rg/providers/Microsoft.Compute/virtualMachines/vm1",
            "identity": [],
            "license_type": "",
            "location": "australiaeast",
            "max_bid_price": -1,
            "name": "vm1",
            "network_interface_ids": [
              "/subscriptions/3c5c7fe7-887c-470a-91ed-b76497de8bb9/resourceGroups/my-tf-rg/providers/Microsoft.Network/networkInterfaces/vm1-nic"
            ],
            "os_disk": [
              {
                "caching": "ReadWrite",
                "diff_disk_settings": [],
                "disk_encryption_set_id": "",
                "disk_size_gb": 30,
                "id": "/subscriptions/3c5c7fe7-887c-470a-91ed-b76497de8bb9/resourceGroups/my-tf-rg/providers/Microsoft.Compute/disks/vm1_OsDisk_1_711dbfa7fd914634a7f92ae3972f6f0d",
                "name": "vm1_OsDisk_1_711dbfa7fd914634a7f92ae3972f6f0d",
                "secure_vm_disk_encryption_set_id": "",
                "security_encryption_type": "",
                "storage_account_type": "Standard_LRS",
                "write_accelerator_enabled": false
              }
            ],
            "os_image_notification": [],
            "patch_assessment_mode": "ImageDefault",
            "patch_mode": "ImageDefault",
            "plan": [],
            "platform_fault_domain": -1,
            "priority": "Regular",
            "private_ip_address": "10.10.0.5",
            "private_ip_addresses": [
              "10.10.0.5"
            ],
            "provision_vm_agent": true,
            "proximity_placement_group_id": "",
            "public_ip_address": "20.188.229.103",
            "public_ip_addresses": [
              "20.188.229.103"
            ],
            "reboot_setting": "",
            "resource_group_name": "my-tf-rg",
            "secret": [],
            "secure_boot_enabled": false,
            "size": "Standard_B1s",
            "source_image_id": "",
            "source_image_reference": [
              {
                "offer": "0001-com-ubuntu-server-jammy",
                "publisher": "Canonical",
                "sku": "22_04-lts-gen2",
                "version": "latest"
              }
            ],
            "tags": null,
            "termination_notification": null,
            "timeouts": null,
            "user_data": "",
            "virtual_machine_id": "8fbd6ab8-27d1-4e82-b7e4-3cfbff6f898a",
            "virtual_machine_scale_set_id": "",
            "vm_agent_platform_updates_enabled": false,
            "vtpm_enabled": false,
            "zone": ""
          },
          "sensitive_attributes": [
            [
              {
                "type": "get_attr",
                "value": "custom_data"
              }
            ],
            [
              {
                "type": "get_attr",
                "value": "admin_password"
              }
            ]
          ],
          "private": "eyJlMmJmYjczMC1lY2FhLTExZTYtOGY4OC0zNDM2M2JjN2M0YzAiOnsiY3JlYXRlIjoyNzAwMDAwMDAwMDAwLCJkZWxldGUiOjI3MDAwMDAwMDAwMDAsInJlYWQiOjMwMDAwMDAwMDAwMCwidXBkYXRlIjoyNzAwMDAwMDAwMDAwfX0=",
          "dependencies": [
            "azurerm_network_interface.nic",
            "azurerm_network_security_group.nsg",
            "azurerm_public_ip.public_ip",
            "azurerm_resource_group.rg",
            "azurerm_subnet.subnet",
            "azurerm_subnet_network_security_group_association.nsg_association",
            "azurerm_virtual_network.vnet"
          ]
        },
        {
          "index_key": "vm2",
          "schema_version": 0,
          "attributes": {
            "additional_capabilities": [],
            "admin_password": null,
            "admin_ssh_key": [
              {
                "public_key": "ssh-rsa AAAAB3NzaC1yc2EAAAADAQABAAABgQDk5caKSTL2yrPwx/rG6fKTROp0Zu/qtUmWadTo1pIRVnQcwuqILt7dgpBoNu2dGlE6u+vTtGeQEimtj+0ecNQ36WAMc+aHw1Ek9Y5sEiN+tED7NFsmYg+C/Tx6swTiV5aYZ2l5Q1zkju72g3puglmKWC5IrRpW1QNwS2/RYCMMSb6DMhd6kNlZ7T7WM9andUYZdusuHWKyA+W6JkeOmxOVkomUuCU0W6MUm2OW38HfFkGtT3VAmEJfNn4yuTMX6/pfwYppYr1jRKGQvWBi+CXT8ZGdBEOPuAeFj3AaAPvf4OZOUshddxJsdY9KHCsCVpcX29NOSAMK+/v6SWyc8TKZpvCvp6jHLyEYilKbFb4avIt0AZ8NcC4g2NeqO8b6ZdJKd8tsLEWdM1DTyH6q1rUWtBJ+b0Wz/crlHWPCLmL55nY0QRFg+S+QVxj7amhnWTVc+P+0kg66YGncuWgwTN/VCV1dQNQDnRt9rEWCVY29eMjXLKMQSIzhReLdcCWr2IM= ash@NG-LAP-141\n",
                "username": "azureuser"
              }
            ],
            "admin_username": "azureuser",
            "allow_extension_operations": true,
            "availability_set_id": "",
            "boot_diagnostics": [],
            "bypass_platform_safety_checks_on_user_schedule_enabled": false,
            "capacity_reservation_group_id": "",
            "computer_name": "vm2",
            "custom_data": null,
            "dedicated_host_group_id": "",
            "dedicated_host_id": "",
            "disable_password_authentication": true,
            "disk_controller_type": "SCSI",
            "edge_zone": "",
            "encryption_at_host_enabled": false,
            "eviction_policy": "",
            "extensions_time_budget": "PT1H30M",
            "gallery_application": [],
            "id": "/subscriptions/3c5c7fe7-887c-470a-91ed-b76497de8bb9/resourceGroups/my-tf-rg/providers/Microsoft.Compute/virtualMachines/vm2",
            "identity": [],
            "license_type": "",
            "location": "australiaeast",
            "max_bid_price": -1,
            "name": "vm2",
            "network_interface_ids": [
              "/subscriptions/3c5c7fe7-887c-470a-91ed-b76497de8bb9/resourceGroups/my-tf-rg/providers/Microsoft.Network/networkInterfaces/vm2-nic"
            ],
            "os_disk": [
              {
                "caching": "ReadWrite",
                "diff_disk_settings": [],
                "disk_encryption_set_id": "",
                "disk_size_gb": 30,
                "id": "/subscriptions/3c5c7fe7-887c-470a-91ed-b76497de8bb9/resourceGroups/my-tf-rg/providers/Microsoft.Compute/disks/vm2_OsDisk_1_bc396f4d3bc84d7c9cef4f6c982d6040",
                "name": "vm2_OsDisk_1_bc396f4d3bc84d7c9cef4f6c982d6040",
                "secure_vm_disk_encryption_set_id": "",
                "security_encryption_type": "",
                "storage_account_type": "Standard_LRS",
                "write_accelerator_enabled": false
              }
            ],
            "os_image_notification": [],
            "patch_assessment_mode": "ImageDefault",
            "patch_mode": "ImageDefault",
            "plan": [],
            "platform_fault_domain": -1,
            "priority": "Regular",
            "private_ip_address": "10.10.0.4",
            "private_ip_addresses": [
              "10.10.0.4"
            ],
            "provision_vm_agent": true,
            "proximity_placement_group_id": "",
            "public_ip_address": "20.188.229.176",
            "public_ip_addresses": [
              "20.188.229.176"
            ],
            "reboot_setting": "",
            "resource_group_name": "my-tf-rg",
            "secret": [],
            "secure_boot_enabled": false,
            "size": "Standard_B1s",
            "source_image_id": "",
            "source_image_reference": [
              {
                "offer": "0001-com-ubuntu-server-jammy",
                "publisher": "Canonical",
                "sku": "22_04-lts-gen2",
                "version": "latest"
              }
            ],
            "tags": null,
            "termination_notification": null,
            "timeouts": null,
            "user_data": "",
            "virtual_machine_id": "b0baca11-4c22-4adf-84e7-48801f11d58b",
            "virtual_machine_scale_set_id": "",
            "vm_agent_platform_updates_enabled": false,
            "vtpm_enabled": false,
            "zone": ""
          },
          "sensitive_attributes": [
            [
              {
                "type": "get_attr",
                "value": "admin_password"
              }
            ],
            [
              {
                "type": "get_attr",
                "value": "custom_data"
              }
            ]
          ],
          "private": "eyJlMmJmYjczMC1lY2FhLTExZTYtOGY4OC0zNDM2M2JjN2M0YzAiOnsiY3JlYXRlIjoyNzAwMDAwMDAwMDAwLCJkZWxldGUiOjI3MDAwMDAwMDAwMDAsInJlYWQiOjMwMDAwMDAwMDAwMCwidXBkYXRlIjoyNzAwMDAwMDAwMDAwfX0=",
          "dependencies": [
            "azurerm_network_interface.nic",
            "azurerm_network_security_group.nsg",
            "azurerm_public_ip.public_ip",
            "azurerm_resource_group.rg",
            "azurerm_subnet.subnet",
            "azurerm_subnet_network_security_group_association.nsg_association",
            "azurerm_virtual_network.vnet"
          ]
        },
        {
          "index_key": "vm3",
          "schema_version": 0,
          "attributes": {
            "additional_capabilities": [],
            "admin_password": null,
            "admin_ssh_key": [
              {
                "public_key": "ssh-rsa AAAAB3NzaC1yc2EAAAADAQABAAABgQDk5caKSTL2yrPwx/rG6fKTROp0Zu/qtUmWadTo1pIRVnQcwuqILt7dgpBoNu2dGlE6u+vTtGeQEimtj+0ecNQ36WAMc+aHw1Ek9Y5sEiN+tED7NFsmYg+C/Tx6swTiV5aYZ2l5Q1zkju72g3puglmKWC5IrRpW1QNwS2/RYCMMSb6DMhd6kNlZ7T7WM9andUYZdusuHWKyA+W6JkeOmxOVkomUuCU0W6MUm2OW38HfFkGtT3VAmEJfNn4yuTMX6/pfwYppYr1jRKGQvWBi+CXT8ZGdBEOPuAeFj3AaAPvf4OZOUshddxJsdY9KHCsCVpcX29NOSAMK+/v6SWyc8TKZpvCvp6jHLyEYilKbFb4avIt0AZ8NcC4g2NeqO8b6ZdJKd8tsLEWdM1DTyH6q1rUWtBJ+b0Wz/crlHWPCLmL55nY0QRFg+S+QVxj7amhnWTVc+P+0kg66YGncuWgwTN/VCV1dQNQDnRt9rEWCVY29eMjXLKMQSIzhReLdcCWr2IM= ash@NG-LAP-141\n",
                "username": "azureuser"
              }
            ],
            "admin_username": "azureuser",
            "allow_extension_operations": true,
            "availability_set_id": "",
            "boot_diagnostics": [],
            "bypass_platform_safety_checks_on_user_schedule_enabled": false,
            "capacity_reservation_group_id": "",
            "computer_name": "vm3",
            "custom_data": null,
            "dedicated_host_group_id": "",
            "dedicated_host_id": "",
            "disable_password_authentication": true,
            "disk_controller_type": "SCSI",
            "edge_zone": "",
            "encryption_at_host_enabled": false,
            "eviction_policy": "",
            "extensions_time_budget": "PT1H30M",
            "gallery_application": [],
            "id": "/subscriptions/3c5c7fe7-887c-470a-91ed-b76497de8bb9/resourceGroups/my-tf-rg/providers/Microsoft.Compute/virtualMachines/vm3",
            "identity": [],
            "license_type": "",
            "location": "australiaeast",
            "max_bid_price": -1,
            "name": "vm3",
            "network_interface_ids": [
              "/subscriptions/3c5c7fe7-887c-470a-91ed-b76497de8bb9/resourceGroups/my-tf-rg/providers/Microsoft.Network/networkInterfaces/vm3-nic"
            ],
            "os_disk": [
              {
                "caching": "ReadWrite",
                "diff_disk_settings": [],
                "disk_encryption_set_id": "",
                "disk_size_gb": 30,
                "id": "/subscriptions/3c5c7fe7-887c-470a-91ed-b76497de8bb9/resourceGroups/my-tf-rg/providers/Microsoft.Compute/disks/vm3_OsDisk_1_29658cb33f704cc887ce0a827a3c5fb5",
                "name": "vm3_OsDisk_1_29658cb33f704cc887ce0a827a3c5fb5",
                "secure_vm_disk_encryption_set_id": "",
                "security_encryption_type": "",
                "storage_account_type": "Standard_LRS",
                "write_accelerator_enabled": false
              }
            ],
            "os_image_notification": [],
            "patch_assessment_mode": "ImageDefault",
            "patch_mode": "ImageDefault",
            "plan": [],
            "platform_fault_domain": -1,
            "priority": "Regular",
            "private_ip_address": "10.10.0.6",
            "private_ip_addresses": [
              "10.10.0.6"
            ],
            "provision_vm_agent": true,
            "proximity_placement_group_id": "",
            "public_ip_address": "20.188.229.23",
            "public_ip_addresses": [
              "20.188.229.23"
            ],
            "reboot_setting": "",
            "resource_group_name": "my-tf-rg",
            "secret": [],
            "secure_boot_enabled": false,
            "size": "Standard_B1s",
            "source_image_id": "",
            "source_image_reference": [
              {
                "offer": "0001-com-ubuntu-server-jammy",
                "publisher": "Canonical",
                "sku": "22_04-lts-gen2",
                "version": "latest"
              }
            ],
            "tags": null,
            "termination_notification": null,
            "timeouts": null,
            "user_data": "",
            "virtual_machine_id": "1077c45d-b777-43e7-a5ce-bb22d3db60bd",
            "virtual_machine_scale_set_id": "",
            "vm_agent_platform_updates_enabled": false,
            "vtpm_enabled": false,
            "zone": ""
          },
          "sensitive_attributes": [
            [
              {
                "type": "get_attr",
                "value": "admin_password"
              }
            ],
            [
              {
                "type": "get_attr",
                "value": "custom_data"
              }
            ]
          ],
          "private": "eyJlMmJmYjczMC1lY2FhLTExZTYtOGY4OC0zNDM2M2JjN2M0YzAiOnsiY3JlYXRlIjoyNzAwMDAwMDAwMDAwLCJkZWxldGUiOjI3MDAwMDAwMDAwMDAsInJlYWQiOjMwMDAwMDAwMDAwMCwidXBkYXRlIjoyNzAwMDAwMDAwMDAwfX0=",
          "dependencies": [
            "azurerm_network_interface.nic",
            "azurerm_network_security_group.nsg",
            "azurerm_public_ip.public_ip",
            "azurerm_resource_group.rg",
            "azurerm_subnet.subnet",
            "azurerm_subnet_network_security_group_association.nsg_association",
            "azurerm_virtual_network.vnet"
          ]
        }
      ]
    },
    {
      "mode": "managed",
      "type": "azurerm_network_interface",
      "name": "nic",
      "provider": "provider[\"registry.terraform.io/hashicorp/azurerm\"]",
      "instances": [
        {
          "index_key": "vm1",
          "schema_version": 0,
          "attributes": {
            "accelerated_networking_enabled": false,
            "applied_dns_servers": [],
            "auxiliary_mode": "",
            "auxiliary_sku": "",
            "dns_servers": [],
            "edge_zone": "",
            "id": "/subscriptions/3c5c7fe7-887c-470a-91ed-b76497de8bb9/resourceGroups/my-tf-rg/providers/Microsoft.Network/networkInterfaces/vm1-nic",
            "internal_dns_name_label": "",
            "internal_domain_name_suffix": "05cob2l3ggtupnqr3q55nptm4d.px.internal.cloudapp.net",
            "ip_configuration": [
              {
                "gateway_load_balancer_frontend_ip_configuration_id": "",
                "name": "internal",
                "primary": true,
                "private_ip_address": "10.10.0.5",
                "private_ip_address_allocation": "Dynamic",
                "private_ip_address_version": "IPv4",
                "public_ip_address_id": "/subscriptions/3c5c7fe7-887c-470a-91ed-b76497de8bb9/resourceGroups/my-tf-rg/providers/Microsoft.Network/publicIPAddresses/vm1-public-ip",
                "subnet_id": "/subscriptions/3c5c7fe7-887c-470a-91ed-b76497de8bb9/resourceGroups/my-tf-rg/providers/Microsoft.Network/virtualNetworks/myVNet/subnets/mySubnet"
              }
            ],
            "ip_forwarding_enabled": false,
            "location": "australiaeast",
            "mac_address": "",
            "name": "vm1-nic",
            "private_ip_address": "10.10.0.5",
            "private_ip_addresses": [
              "10.10.0.5"
            ],
            "resource_group_name": "my-tf-rg",
            "tags": {},
            "timeouts": null,
            "virtual_machine_id": ""
          },
          "sensitive_attributes": [],
          "private": "eyJlMmJmYjczMC1lY2FhLTExZTYtOGY4OC0zNDM2M2JjN2M0YzAiOnsiY3JlYXRlIjoxODAwMDAwMDAwMDAwLCJkZWxldGUiOjE4MDAwMDAwMDAwMDAsInJlYWQiOjMwMDAwMDAwMDAwMCwidXBkYXRlIjoxODAwMDAwMDAwMDAwfX0=",
          "dependencies": [
            "azurerm_public_ip.public_ip",
            "azurerm_resource_group.rg",
            "azurerm_subnet.subnet",
            "azurerm_virtual_network.vnet"
          ]
        },
        {
          "index_key": "vm2",
          "schema_version": 0,
          "attributes": {
            "accelerated_networking_enabled": false,
            "applied_dns_servers": [],
            "auxiliary_mode": "",
            "auxiliary_sku": "",
            "dns_servers": [],
            "edge_zone": "",
            "id": "/subscriptions/3c5c7fe7-887c-470a-91ed-b76497de8bb9/resourceGroups/my-tf-rg/providers/Microsoft.Network/networkInterfaces/vm2-nic",
            "internal_dns_name_label": "",
            "internal_domain_name_suffix": "05cob2l3ggtupnqr3q55nptm4d.px.internal.cloudapp.net",
            "ip_configuration": [
              {
                "gateway_load_balancer_frontend_ip_configuration_id": "",
                "name": "internal",
                "primary": true,
                "private_ip_address": "10.10.0.4",
                "private_ip_address_allocation": "Dynamic",
                "private_ip_address_version": "IPv4",
                "public_ip_address_id": "/subscriptions/3c5c7fe7-887c-470a-91ed-b76497de8bb9/resourceGroups/my-tf-rg/providers/Microsoft.Network/publicIPAddresses/vm2-public-ip",
                "subnet_id": "/subscriptions/3c5c7fe7-887c-470a-91ed-b76497de8bb9/resourceGroups/my-tf-rg/providers/Microsoft.Network/virtualNetworks/myVNet/subnets/mySubnet"
              }
            ],
            "ip_forwarding_enabled": false,
            "location": "australiaeast",
            "mac_address": "",
            "name": "vm2-nic",
            "private_ip_address": "10.10.0.4",
            "private_ip_addresses": [
              "10.10.0.4"
            ],
            "resource_group_name": "my-tf-rg",
            "tags": {},
            "timeouts": null,
            "virtual_machine_id": ""
          },
          "sensitive_attributes": [],
          "private": "eyJlMmJmYjczMC1lY2FhLTExZTYtOGY4OC0zNDM2M2JjN2M0YzAiOnsiY3JlYXRlIjoxODAwMDAwMDAwMDAwLCJkZWxldGUiOjE4MDAwMDAwMDAwMDAsInJlYWQiOjMwMDAwMDAwMDAwMCwidXBkYXRlIjoxODAwMDAwMDAwMDAwfX0=",
          "dependencies": [
            "azurerm_public_ip.public_ip",
            "azurerm_resource_group.rg",
            "azurerm_subnet.subnet",
            "azurerm_virtual_network.vnet"
          ]
        },
        {
          "index_key": "vm3",
          "schema_version": 0,
          "attributes": {
            "accelerated_networking_enabled": false,
            "applied_dns_servers": [],
            "auxiliary_mode": "",
            "auxiliary_sku": "",
            "dns_servers": [],
            "edge_zone": "",
            "id": "/subscriptions/3c5c7fe7-887c-470a-91ed-b76497de8bb9/resourceGroups/my-tf-rg/providers/Microsoft.Network/networkInterfaces/vm3-nic",
            "internal_dns_name_label": "",
            "internal_domain_name_suffix": "05cob2l3ggtupnqr3q55nptm4d.px.internal.cloudapp.net",
            "ip_configuration": [
              {
                "gateway_load_balancer_frontend_ip_configuration_id": "",
                "name": "internal",
                "primary": true,
                "private_ip_address": "10.10.0.6",
                "private_ip_address_allocation": "Dynamic",
                "private_ip_address_version": "IPv4",
                "public_ip_address_id": "/subscriptions/3c5c7fe7-887c-470a-91ed-b76497de8bb9/resourceGroups/my-tf-rg/providers/Microsoft.Network/publicIPAddresses/vm3-public-ip",
                "subnet_id": "/subscriptions/3c5c7fe7-887c-470a-91ed-b76497de8bb9/resourceGroups/my-tf-rg/providers/Microsoft.Network/virtualNetworks/myVNet/subnets/mySubnet"
              }
            ],
            "ip_forwarding_enabled": false,
            "location": "australiaeast",
            "mac_address": "",
            "name": "vm3-nic",
            "private_ip_address": "10.10.0.6",
            "private_ip_addresses": [
              "10.10.0.6"
            ],
            "resource_group_name": "my-tf-rg",
            "tags": {},
            "timeouts": null,
            "virtual_machine_id": ""
          },
          "sensitive_attributes": [],
          "private": "eyJlMmJmYjczMC1lY2FhLTExZTYtOGY4OC0zNDM2M2JjN2M0YzAiOnsiY3JlYXRlIjoxODAwMDAwMDAwMDAwLCJkZWxldGUiOjE4MDAwMDAwMDAwMDAsInJlYWQiOjMwMDAwMDAwMDAwMCwidXBkYXRlIjoxODAwMDAwMDAwMDAwfX0=",
          "dependencies": [
            "azurerm_public_ip.public_ip",
            "azurerm_resource_group.rg",
            "azurerm_subnet.subnet",
            "azurerm_virtual_network.vnet"
          ]
        }
      ]
    },
    {
      "mode": "managed",
      "type": "azurerm_network_security_group",
      "name": "nsg",
      "provider": "provider[\"registry.terraform.io/hashicorp/azurerm\"]",
      "instances": [
        {
          "schema_version": 0,
          "attributes": {
            "id": "/subscriptions/3c5c7fe7-887c-470a-91ed-b76497de8bb9/resourceGroups/my-tf-rg/providers/Microsoft.Network/networkSecurityGroups/az104-nsg",
            "location": "australiaeast",
            "name": "az104-nsg",
            "resource_group_name": "my-tf-rg",
            "security_rule": [
              {
                "access": "Allow",
                "description": "",
                "destination_address_prefix": "*",
                "destination_address_prefixes": [],
                "destination_application_security_group_ids": [],
                "destination_port_range": "22",
                "destination_port_ranges": [],
                "direction": "Inbound",
                "name": "allow_ssh",
                "priority": 100,
                "protocol": "Tcp",
                "source_address_prefix": "*",
                "source_address_prefixes": [],
                "source_application_security_group_ids": [],
                "source_port_range": "*",
                "source_port_ranges": []
              }
            ],
            "tags": {},
            "timeouts": null
          },
          "sensitive_attributes": [],
          "private": "eyJlMmJmYjczMC1lY2FhLTExZTYtOGY4OC0zNDM2M2JjN2M0YzAiOnsiY3JlYXRlIjoxODAwMDAwMDAwMDAwLCJkZWxldGUiOjE4MDAwMDAwMDAwMDAsInJlYWQiOjMwMDAwMDAwMDAwMCwidXBkYXRlIjoxODAwMDAwMDAwMDAwfX0=",
          "dependencies": [
            "azurerm_resource_group.rg"
          ]
        }
      ]
    },
    {
      "mode": "managed",
      "type": "azurerm_public_ip",
      "name": "public_ip",
      "provider": "provider[\"registry.terraform.io/hashicorp/azurerm\"]",
      "instances": [
        {
          "index_key": "vm1",
          "schema_version": 0,
          "attributes": {
            "allocation_method": "Static",
            "ddos_protection_mode": "VirtualNetworkInherited",
            "ddos_protection_plan_id": null,
            "domain_name_label": null,
            "domain_name_label_scope": null,
            "edge_zone": "",
            "fqdn": null,
            "id": "/subscriptions/3c5c7fe7-887c-470a-91ed-b76497de8bb9/resourceGroups/my-tf-rg/providers/Microsoft.Network/publicIPAddresses/vm1-public-ip",
            "idle_timeout_in_minutes": 4,
            "ip_address": "20.188.229.103",
            "ip_tags": {},
            "ip_version": "IPv4",
            "location": "australiaeast",
            "name": "vm1-public-ip",
            "public_ip_prefix_id": null,
            "resource_group_name": "my-tf-rg",
            "reverse_fqdn": null,
            "sku": "Basic",
            "sku_tier": "Regional",
            "tags": {},
            "timeouts": null,
            "zones": []
          },
          "sensitive_attributes": [],
          "private": "eyJlMmJmYjczMC1lY2FhLTExZTYtOGY4OC0zNDM2M2JjN2M0YzAiOnsiY3JlYXRlIjoxODAwMDAwMDAwMDAwLCJkZWxldGUiOjE4MDAwMDAwMDAwMDAsInJlYWQiOjMwMDAwMDAwMDAwMCwidXBkYXRlIjoxODAwMDAwMDAwMDAwfX0=",
          "dependencies": [
            "azurerm_resource_group.rg"
          ]
        },
        {
          "index_key": "vm2",
          "schema_version": 0,
          "attributes": {
            "allocation_method": "Static",
            "ddos_protection_mode": "VirtualNetworkInherited",
            "ddos_protection_plan_id": null,
            "domain_name_label": null,
            "domain_name_label_scope": null,
            "edge_zone": "",
            "fqdn": null,
            "id": "/subscriptions/3c5c7fe7-887c-470a-91ed-b76497de8bb9/resourceGroups/my-tf-rg/providers/Microsoft.Network/publicIPAddresses/vm2-public-ip",
            "idle_timeout_in_minutes": 4,
            "ip_address": "20.188.229.176",
            "ip_tags": {},
            "ip_version": "IPv4",
            "location": "australiaeast",
            "name": "vm2-public-ip",
            "public_ip_prefix_id": null,
            "resource_group_name": "my-tf-rg",
            "reverse_fqdn": null,
            "sku": "Basic",
            "sku_tier": "Regional",
            "tags": {},
            "timeouts": null,
            "zones": []
          },
          "sensitive_attributes": [],
          "private": "eyJlMmJmYjczMC1lY2FhLTExZTYtOGY4OC0zNDM2M2JjN2M0YzAiOnsiY3JlYXRlIjoxODAwMDAwMDAwMDAwLCJkZWxldGUiOjE4MDAwMDAwMDAwMDAsInJlYWQiOjMwMDAwMDAwMDAwMCwidXBkYXRlIjoxODAwMDAwMDAwMDAwfX0=",
          "dependencies": [
            "azurerm_resource_group.rg"
          ]
        },
        {
          "index_key": "vm3",
          "schema_version": 0,
          "attributes": {
            "allocation_method": "Static",
            "ddos_protection_mode": "VirtualNetworkInherited",
            "ddos_protection_plan_id": null,
            "domain_name_label": null,
            "domain_name_label_scope": null,
            "edge_zone": "",
            "fqdn": null,
            "id": "/subscriptions/3c5c7fe7-887c-470a-91ed-b76497de8bb9/resourceGroups/my-tf-rg/providers/Microsoft.Network/publicIPAddresses/vm3-public-ip",
            "idle_timeout_in_minutes": 4,
            "ip_address": "20.188.229.23",
            "ip_tags": {},
            "ip_version": "IPv4",
            "location": "australiaeast",
            "name": "vm3-public-ip",
            "public_ip_prefix_id": null,
            "resource_group_name": "my-tf-rg",
            "reverse_fqdn": null,
            "sku": "Basic",
            "sku_tier": "Regional",
            "tags": {},
            "timeouts": null,
            "zones": []
          },
          "sensitive_attributes": [],
          "private": "eyJlMmJmYjczMC1lY2FhLTExZTYtOGY4OC0zNDM2M2JjN2M0YzAiOnsiY3JlYXRlIjoxODAwMDAwMDAwMDAwLCJkZWxldGUiOjE4MDAwMDAwMDAwMDAsInJlYWQiOjMwMDAwMDAwMDAwMCwidXBkYXRlIjoxODAwMDAwMDAwMDAwfX0=",
          "dependencies": [
            "azurerm_resource_group.rg"
          ]
        }
      ]
    },
    {
      "mode": "managed",
      "type": "azurerm_resource_group",
      "name": "rg",
      "provider": "provider[\"registry.terraform.io/hashicorp/azurerm\"]",
      "instances": [
        {
          "schema_version": 0,
          "attributes": {
            "id": "/subscriptions/3c5c7fe7-887c-470a-91ed-b76497de8bb9/resourceGroups/my-tf-rg",
            "location": "australiaeast",
            "managed_by": "",
            "name": "my-tf-rg",
            "tags": {},
            "timeouts": null
          },
          "sensitive_attributes": [],
          "private": "eyJlMmJmYjczMC1lY2FhLTExZTYtOGY4OC0zNDM2M2JjN2M0YzAiOnsiY3JlYXRlIjo1NDAwMDAwMDAwMDAwLCJkZWxldGUiOjU0MDAwMDAwMDAwMDAsInJlYWQiOjMwMDAwMDAwMDAwMCwidXBkYXRlIjo1NDAwMDAwMDAwMDAwfX0="
        }
      ]
    },
    {
      "mode": "managed",
      "type": "azurerm_subnet",
      "name": "subnet",
      "provider": "provider[\"registry.terraform.io/hashicorp/azurerm\"]",
      "instances": [
        {
          "schema_version": 0,
          "attributes": {
            "address_prefixes": [
              "10.10.0.0/24"
            ],
            "default_outbound_access_enabled": true,
            "delegation": [],
            "id": "/subscriptions/3c5c7fe7-887c-470a-91ed-b76497de8bb9/resourceGroups/my-tf-rg/providers/Microsoft.Network/virtualNetworks/myVNet/subnets/mySubnet",
            "name": "mySubnet",
            "private_endpoint_network_policies": "Disabled",
            "private_link_service_network_policies_enabled": true,
            "resource_group_name": "my-tf-rg",
            "service_endpoint_policy_ids": [],
            "service_endpoints": [],
            "timeouts": null,
            "virtual_network_name": "myVNet"
          },
          "sensitive_attributes": [],
          "private": "eyJlMmJmYjczMC1lY2FhLTExZTYtOGY4OC0zNDM2M2JjN2M0YzAiOnsiY3JlYXRlIjoxODAwMDAwMDAwMDAwLCJkZWxldGUiOjE4MDAwMDAwMDAwMDAsInJlYWQiOjMwMDAwMDAwMDAwMCwidXBkYXRlIjoxODAwMDAwMDAwMDAwfX0=",
          "dependencies": [
            "azurerm_resource_group.rg",
            "azurerm_virtual_network.vnet"
          ]
        }
      ]
    },
    {
      "mode": "managed",
      "type": "azurerm_subnet_network_security_group_association",
      "name": "nsg_association",
      "provider": "provider[\"registry.terraform.io/hashicorp/azurerm\"]",
      "instances": [
        {
          "schema_version": 0,
          "attributes": {
            "id": "/subscriptions/3c5c7fe7-887c-470a-91ed-b76497de8bb9/resourceGroups/my-tf-rg/providers/Microsoft.Network/virtualNetworks/myVNet/subnets/mySubnet",
            "network_security_group_id": "/subscriptions/3c5c7fe7-887c-470a-91ed-b76497de8bb9/resourceGroups/my-tf-rg/providers/Microsoft.Network/networkSecurityGroups/az104-nsg",
            "subnet_id": "/subscriptions/3c5c7fe7-887c-470a-91ed-b76497de8bb9/resourceGroups/my-tf-rg/providers/Microsoft.Network/virtualNetworks/myVNet/subnets/mySubnet",
            "timeouts": null
          },
          "sensitive_attributes": [],
          "private": "eyJlMmJmYjczMC1lY2FhLTExZTYtOGY4OC0zNDM2M2JjN2M0YzAiOnsiY3JlYXRlIjoxODAwMDAwMDAwMDAwLCJkZWxldGUiOjE4MDAwMDAwMDAwMDAsInJlYWQiOjMwMDAwMDAwMDAwMH19",
          "dependencies": [
            "azurerm_network_security_group.nsg",
            "azurerm_resource_group.rg",
            "azurerm_subnet.subnet",
            "azurerm_virtual_network.vnet"
          ]
        }
      ]
    },
    {
      "mode": "managed",
      "type": "azurerm_virtual_network",
      "name": "vnet",
      "provider": "provider[\"registry.terraform.io/hashicorp/azurerm\"]",
      "instances": [
        {
          "schema_version": 0,
          "attributes": {
            "address_space": [
              "10.10.0.0/16"
            ],
            "bgp_community": "",
            "ddos_protection_plan": [],
            "dns_servers": [],
            "edge_zone": "",
            "encryption": [],
            "flow_timeout_in_minutes": 0,
            "guid": "f1e0c4d7-317d-47a7-b611-ec3ff6be6cf3",
            "id": "/subscriptions/3c5c7fe7-887c-470a-91ed-b76497de8bb9/resourceGroups/my-tf-rg/providers/Microsoft.Network/virtualNetworks/myVNet",
            "ip_address_pool": [],
            "location": "australiaeast",
            "name": "myVNet",
            "private_endpoint_vnet_policies": "Disabled",
            "resource_group_name": "my-tf-rg",
            "subnet": [
              {
                "address_prefixes": [
                  "10.10.0.0/24"
                ],
                "default_outbound_access_enabled": true,
                "delegation": [],
                "id": "/subscriptions/3c5c7fe7-887c-470a-91ed-b76497de8bb9/resourceGroups/my-tf-rg/providers/Microsoft.Network/virtualNetworks/myVNet/subnets/mySubnet",
                "name": "mySubnet",
                "private_endpoint_network_policies": "Disabled",
                "private_link_service_network_policies_enabled": true,
                "route_table_id": "",
                "security_group": "/subscriptions/3c5c7fe7-887c-470a-91ed-b76497de8bb9/resourceGroups/my-tf-rg/providers/Microsoft.Network/networkSecurityGroups/az104-nsg",
                "service_endpoint_policy_ids": [],
                "service_endpoints": []
              }
            ],
            "tags": {},
            "timeouts": null
          },
          "sensitive_attributes": [],
          "private": "eyJlMmJmYjczMC1lY2FhLTExZTYtOGY4OC0zNDM2M2JjN2M0YzAiOnsiY3JlYXRlIjoxODAwMDAwMDAwMDAwLCJkZWxldGUiOjE4MDAwMDAwMDAwMDAsInJlYWQiOjMwMDAwMDAwMDAwMCwidXBkYXRlIjoxODAwMDAwMDAwMDAwfX0=",
          "dependencies": [
            "azurerm_resource_group.rg"
          ]
        }
      ]
    }
  ],
  "check_results": null
}
